// !$*UTF8*$!
{
	archiveVersion = 1;
	classes = {
	};
	objectVersion = 51;
	objects = {

/* Begin PBXBuildFile section */
		23C5F9C44E2BC448248E440C /* Pods_LoginForm_with_Firebase.framework in Frameworks */ = {isa = PBXBuildFile; fileRef = E029869CD89B25CBD2EB54BB /* Pods_LoginForm_with_Firebase.framework */; };
		F8C24D1424F35B9200F2B63A /* AppDelegate.swift in Sources */ = {isa = PBXBuildFile; fileRef = F8C24D1324F35B9200F2B63A /* AppDelegate.swift */; };
		F8C24D1624F35B9200F2B63A /* SceneDelegate.swift in Sources */ = {isa = PBXBuildFile; fileRef = F8C24D1524F35B9200F2B63A /* SceneDelegate.swift */; };
		F8C24D1B24F35B9200F2B63A /* Main.storyboard in Resources */ = {isa = PBXBuildFile; fileRef = F8C24D1924F35B9200F2B63A /* Main.storyboard */; };
		F8C24D1D24F35B9400F2B63A /* Assets.xcassets in Resources */ = {isa = PBXBuildFile; fileRef = F8C24D1C24F35B9400F2B63A /* Assets.xcassets */; };
		F8C24D2024F35B9400F2B63A /* LaunchScreen.storyboard in Resources */ = {isa = PBXBuildFile; fileRef = F8C24D1E24F35B9400F2B63A /* LaunchScreen.storyboard */; };
		F8C24D2E24F35F4000F2B63A /* HomeViewController.swift in Sources */ = {isa = PBXBuildFile; fileRef = F8C24D2D24F35F4000F2B63A /* HomeViewController.swift */; };
/* End PBXBuildFile section */

/* Begin PBXFileReference section */
		622C27C69CA695CAFC592039 /* Pods-LoginForm with Firebase.debug.xcconfig */ = {isa = PBXFileReference; includeInIndex = 1; lastKnownFileType = text.xcconfig; name = "Pods-LoginForm with Firebase.debug.xcconfig"; path = "Target Support Files/Pods-LoginForm with Firebase/Pods-LoginForm with Firebase.debug.xcconfig"; sourceTree = "<group>"; };
		E029869CD89B25CBD2EB54BB /* Pods_LoginForm_with_Firebase.framework */ = {isa = PBXFileReference; explicitFileType = wrapper.framework; includeInIndex = 0; path = Pods_LoginForm_with_Firebase.framework; sourceTree = BUILT_PRODUCTS_DIR; };
		F8C24D1024F35B9200F2B63A /* LoginForm with Firebase.app */ = {isa = PBXFileReference; explicitFileType = wrapper.application; includeInIndex = 0; path = "LoginForm with Firebase.app"; sourceTree = BUILT_PRODUCTS_DIR; };
		F8C24D1324F35B9200F2B63A /* AppDelegate.swift */ = {isa = PBXFileReference; lastKnownFileType = sourcecode.swift; path = AppDelegate.swift; sourceTree = "<group>"; };
		F8C24D1524F35B9200F2B63A /* SceneDelegate.swift */ = {isa = PBXFileReference; lastKnownFileType = sourcecode.swift; path = SceneDelegate.swift; sourceTree = "<group>"; };
		F8C24D1A24F35B9200F2B63A /* Base */ = {isa = PBXFileReference; lastKnownFileType = file.storyboard; name = Base; path = Base.lproj/Main.storyboard; sourceTree = "<group>"; };
		F8C24D1C24F35B9400F2B63A /* Assets.xcassets */ = {isa = PBXFileReference; lastKnownFileType = folder.assetcatalog; path = Assets.xcassets; sourceTree = "<group>"; };
		F8C24D1F24F35B9400F2B63A /* Base */ = {isa = PBXFileReference; lastKnownFileType = file.storyboard; name = Base; path = Base.lproj/LaunchScreen.storyboard; sourceTree = "<group>"; };
		F8C24D2124F35B9400F2B63A /* Info.plist */ = {isa = PBXFileReference; lastKnownFileType = text.plist.xml; path = Info.plist; sourceTree = "<group>"; };
		F8C24D2D24F35F4000F2B63A /* HomeViewController.swift */ = {isa = PBXFileReference; lastKnownFileType = sourcecode.swift; path = HomeViewController.swift; sourceTree = "<group>"; };
		F8DA2D95C6824ED7C19BD272 /* Pods-LoginForm with Firebase.release.xcconfig */ = {isa = PBXFileReference; includeInIndex = 1; lastKnownFileType = text.xcconfig; name = "Pods-LoginForm with Firebase.release.xcconfig"; path = "Target Support Files/Pods-LoginForm with Firebase/Pods-LoginForm with Firebase.release.xcconfig"; sourceTree = "<group>"; };
/* End PBXFileReference section */

/* Begin PBXFrameworksBuildPhase section */
		F8C24D0D24F35B9200F2B63A /* Frameworks */ = {
			isa = PBXFrameworksBuildPhase;
			buildActionMask = 2147483647;
			files = (
				23C5F9C44E2BC448248E440C /* Pods_LoginForm_with_Firebase.framework in Frameworks */,
			);
			runOnlyForDeploymentPostprocessing = 0;
		};
/* End PBXFrameworksBuildPhase section */

/* Begin PBXGroup section */
		86BD21A797A995F71B582564 /* Frameworks */ = {
			isa = PBXGroup;
			children = (
				E029869CD89B25CBD2EB54BB /* Pods_LoginForm_with_Firebase.framework */,
			);
			name = Frameworks;
			sourceTree = "<group>";
		};
		D257FC0318615B4153D174C5 /* Pods */ = {
			isa = PBXGroup;
			children = (
				622C27C69CA695CAFC592039 /* Pods-LoginForm with Firebase.debug.xcconfig */,
				F8DA2D95C6824ED7C19BD272 /* Pods-LoginForm with Firebase.release.xcconfig */,
			);
			path = Pods;
			sourceTree = "<group>";
		};
		F8C24D0724F35B9200F2B63A = {
			isa = PBXGroup;
			children = (
				F8C24D1224F35B9200F2B63A /* LoginForm with Firebase */,
				F8C24D1124F35B9200F2B63A /* Products */,
				D257FC0318615B4153D174C5 /* Pods */,
				86BD21A797A995F71B582564 /* Frameworks */,
			);
			sourceTree = "<group>";
		};
		F8C24D1124F35B9200F2B63A /* Products */ = {
			isa = PBXGroup;
			children = (
				F8C24D1024F35B9200F2B63A /* LoginForm with Firebase.app */,
			);
			name = Products;
			sourceTree = "<group>";
		};
		F8C24D1224F35B9200F2B63A /* LoginForm with Firebase */ = {
			isa = PBXGroup;
			children = (
				F8C24D2B24F35DB500F2B63A /* Controllers */,
				F8C24D2A24F35DAB00F2B63A /* Resources */,
				F8C24D2924F35D9A00F2B63A /* Models */,
				F8C24D2824F35D9100F2B63A /* Views */,
				F8C24D2124F35B9400F2B63A /* Info.plist */,
			);
			path = "LoginForm with Firebase";
			sourceTree = "<group>";
		};
		F8C24D2824F35D9100F2B63A /* Views */ = {
			isa = PBXGroup;
			children = (
				F8C24D1C24F35B9400F2B63A /* Assets.xcassets */,
				F8C24D2C24F35DD800F2B63A /* StroyBoards */,
			);
			path = Views;
			sourceTree = "<group>";
		};
		F8C24D2924F35D9A00F2B63A /* Models */ = {
			isa = PBXGroup;
			children = (
			);
			path = Models;
			sourceTree = "<group>";
		};
		F8C24D2A24F35DAB00F2B63A /* Resources */ = {
			isa = PBXGroup;
			children = (
				F8C24D1324F35B9200F2B63A /* AppDelegate.swift */,
				F8C24D1524F35B9200F2B63A /* SceneDelegate.swift */,
			);
			path = Resources;
			sourceTree = "<group>";
		};
		F8C24D2B24F35DB500F2B63A /* Controllers */ = {
			isa = PBXGroup;
			children = (
				F8C24D2D24F35F4000F2B63A /* HomeViewController.swift */,
			);
			path = Controllers;
			sourceTree = "<group>";
		};
		F8C24D2C24F35DD800F2B63A /* StroyBoards */ = {
			isa = PBXGroup;
			children = (
				F8C24D1E24F35B9400F2B63A /* LaunchScreen.storyboard */,
				F8C24D1924F35B9200F2B63A /* Main.storyboard */,
			);
			path = StroyBoards;
			sourceTree = "<group>";
		};
/* End PBXGroup section */

/* Begin PBXNativeTarget section */
		F8C24D0F24F35B9200F2B63A /* LoginForm with Firebase */ = {
			isa = PBXNativeTarget;
			buildConfigurationList = F8C24D2424F35B9400F2B63A /* Build configuration list for PBXNativeTarget "LoginForm with Firebase" */;
			buildPhases = (
				D64DCEB78155D5411FCF3D08 /* [CP] Check Pods Manifest.lock */,
				F8C24D0C24F35B9200F2B63A /* Sources */,
				F8C24D0D24F35B9200F2B63A /* Frameworks */,
				F8C24D0E24F35B9200F2B63A /* Resources */,
				8423B513B04DDADA0678B9D9 /* [CP] Embed Pods Frameworks */,
			);
			buildRules = (
			);
			dependencies = (
			);
			name = "LoginForm with Firebase";
			productName = "LoginForm with Firebase";
			productReference = F8C24D1024F35B9200F2B63A /* LoginForm with Firebase.app */;
			productType = "com.apple.product-type.application";
		};
/* End PBXNativeTarget section */

/* Begin PBXProject section */
		F8C24D0824F35B9200F2B63A /* Project object */ = {
			isa = PBXProject;
			attributes = {
				LastSwiftUpdateCheck = 1160;
				LastUpgradeCheck = 1160;
				ORGANIZATIONNAME = "Takumi Nozawa";
				TargetAttributes = {
					F8C24D0F24F35B9200F2B63A = {
						CreatedOnToolsVersion = 11.6;
					};
				};
			};
			buildConfigurationList = F8C24D0B24F35B9200F2B63A /* Build configuration list for PBXProject "LoginForm with Firebase" */;
			compatibilityVersion = "Xcode 9.3";
			developmentRegion = en;
			hasScannedForEncodings = 0;
			knownRegions = (
				en,
				Base,
			);
			mainGroup = F8C24D0724F35B9200F2B63A;
			productRefGroup = F8C24D1124F35B9200F2B63A /* Products */;
			projectDirPath = "";
			projectRoot = "";
			targets = (
				F8C24D0F24F35B9200F2B63A /* LoginForm with Firebase */,
			);
		};
/* End PBXProject section */

/* Begin PBXResourcesBuildPhase section */
		F8C24D0E24F35B9200F2B63A /* Resources */ = {
			isa = PBXResourcesBuildPhase;
			buildActionMask = 2147483647;
			files = (
				F8C24D2024F35B9400F2B63A /* LaunchScreen.storyboard in Resources */,
				F8C24D1D24F35B9400F2B63A /* Assets.xcassets in Resources */,
				F8C24D1B24F35B9200F2B63A /* Main.storyboard in Resources */,
			);
			runOnlyForDeploymentPostprocessing = 0;
		};
/* End PBXResourcesBuildPhase section */

/* Begin PBXShellScriptBuildPhase section */
		8423B513B04DDADA0678B9D9 /* [CP] Embed Pods Frameworks */ = {
			isa = PBXShellScriptBuildPhase;
			buildActionMask = 2147483647;
			files = (
			);
			inputFileListPaths = (
				"${PODS_ROOT}/Target Support Files/Pods-LoginForm with Firebase/Pods-LoginForm with Firebase-frameworks-${CONFIGURATION}-input-files.xcfilelist",
			);
			name = "[CP] Embed Pods Frameworks";
			outputFileListPaths = (
				"${PODS_ROOT}/Target Support Files/Pods-LoginForm with Firebase/Pods-LoginForm with Firebase-frameworks-${CONFIGURATION}-output-files.xcfilelist",
			);
			runOnlyForDeploymentPostprocessing = 0;
			shellPath = /bin/sh;
			shellScript = "\"${PODS_ROOT}/Target Support Files/Pods-LoginForm with Firebase/Pods-LoginForm with Firebase-frameworks.sh\"\n";
			showEnvVarsInLog = 0;
		};
		D64DCEB78155D5411FCF3D08 /* [CP] Check Pods Manifest.lock */ = {
			isa = PBXShellScriptBuildPhase;
			buildActionMask = 2147483647;
			files = (
			);
			inputFileListPaths = (
			);
			inputPaths = (
				"${PODS_PODFILE_DIR_PATH}/Podfile.lock",
				"${PODS_ROOT}/Manifest.lock",
			);
			name = "[CP] Check Pods Manifest.lock";
			outputFileListPaths = (
			);
			outputPaths = (
				"$(DERIVED_FILE_DIR)/Pods-LoginForm with Firebase-checkManifestLockResult.txt",
			);
			runOnlyForDeploymentPostprocessing = 0;
			shellPath = /bin/sh;
			shellScript = "diff \"${PODS_PODFILE_DIR_PATH}/Podfile.lock\" \"${PODS_ROOT}/Manifest.lock\" > /dev/null\nif [ $? != 0 ] ; then\n    # print error to STDERR\n    echo \"error: The sandbox is not in sync with the Podfile.lock. Run 'pod install' or update your CocoaPods installation.\" >&2\n    exit 1\nfi\n# This output is used by Xcode 'outputs' to avoid re-running this script phase.\necho \"SUCCESS\" > \"${SCRIPT_OUTPUT_FILE_0}\"\n";
			showEnvVarsInLog = 0;
		};
/* End PBXShellScriptBuildPhase section */

/* Begin PBXSourcesBuildPhase section */
		F8C24D0C24F35B9200F2B63A /* Sources */ = {
			isa = PBXSourcesBuildPhase;
			buildActionMask = 2147483647;
			files = (
				F8C24D1424F35B9200F2B63A /* AppDelegate.swift in Sources */,
				F8C24D1624F35B9200F2B63A /* SceneDelegate.swift in Sources */,
				F8C24D2E24F35F4000F2B63A /* HomeViewController.swift in Sources */,
			);
			runOnlyForDeploymentPostprocessing = 0;
		};
/* End PBXSourcesBuildPhase section */

/* Begin PBXVariantGroup section */
		F8C24D1924F35B9200F2B63A /* Main.storyboard */ = {
			isa = PBXVariantGroup;
			children = (
				F8C24D1A24F35B9200F2B63A /* Base */,
			);
			name = Main.storyboard;
			sourceTree = "<group>";
		};
		F8C24D1E24F35B9400F2B63A /* LaunchScreen.storyboard */ = {
			isa = PBXVariantGroup;
			children = (
				F8C24D1F24F35B9400F2B63A /* Base */,
			);
			name = LaunchScreen.storyboard;
			sourceTree = "<group>";
		};
/* End PBXVariantGroup section */

/* Begin XCBuildConfiguration section */
		F8C24D2224F35B9400F2B63A /* Debug */ = {
			isa = XCBuildConfiguration;
			buildSettings = {
				ALWAYS_SEARCH_USER_PATHS = NO;
				CLANG_ANALYZER_NONNULL = YES;
				CLANG_ANALYZER_NUMBER_OBJECT_CONVERSION = YES_AGGRESSIVE;
				CLANG_CXX_LANGUAGE_STANDARD = "gnu++14";
				CLANG_CXX_LIBRARY = "libc++";
				CLANG_ENABLE_MODULES = YES;
				CLANG_ENABLE_OBJC_ARC = YES;
				CLANG_ENABLE_OBJC_WEAK = YES;
				CLANG_WARN_BLOCK_CAPTURE_AUTORELEASING = YES;
				CLANG_WARN_BOOL_CONVERSION = YES;
				CLANG_WARN_COMMA = YES;
				CLANG_WARN_CONSTANT_CONVERSION = YES;
				CLANG_WARN_DEPRECATED_OBJC_IMPLEMENTATIONS = YES;
				CLANG_WARN_DIRECT_OBJC_ISA_USAGE = YES_ERROR;
				CLANG_WARN_DOCUMENTATION_COMMENTS = YES;
				CLANG_WARN_EMPTY_BODY = YES;
				CLANG_WARN_ENUM_CONVERSION = YES;
				CLANG_WARN_INFINITE_RECURSION = YES;
				CLANG_WARN_INT_CONVERSION = YES;
				CLANG_WARN_NON_LITERAL_NULL_CONVERSION = YES;
				CLANG_WARN_OBJC_IMPLICIT_RETAIN_SELF = YES;
				CLANG_WARN_OBJC_LITERAL_CONVERSION = YES;
				CLANG_WARN_OBJC_ROOT_CLASS = YES_ERROR;
				CLANG_WARN_RANGE_LOOP_ANALYSIS = YES;
				CLANG_WARN_STRICT_PROTOTYPES = YES;
				CLANG_WARN_SUSPICIOUS_MOVE = YES;
				CLANG_WARN_UNGUARDED_AVAILABILITY = YES_AGGRESSIVE;
				CLANG_WARN_UNREACHABLE_CODE = YES;
				CLANG_WARN__DUPLICATE_METHOD_MATCH = YES;
				COPY_PHASE_STRIP = NO;
				DEBUG_INFORMATION_FORMAT = dwarf;
				ENABLE_STRICT_OBJC_MSGSEND = YES;
				ENABLE_TESTABILITY = YES;
				GCC_C_LANGUAGE_STANDARD = gnu11;
				GCC_DYNAMIC_NO_PIC = NO;
				GCC_NO_COMMON_BLOCKS = YES;
				GCC_OPTIMIZATION_LEVEL = 0;
				GCC_PREPROCESSOR_DEFINITIONS = (
					"DEBUG=1",
					"$(inherited)",
				);
				GCC_WARN_64_TO_32_BIT_CONVERSION = YES;
				GCC_WARN_ABOUT_RETURN_TYPE = YES_ERROR;
				GCC_WARN_UNDECLARED_SELECTOR = YES;
				GCC_WARN_UNINITIALIZED_AUTOS = YES_AGGRESSIVE;
				GCC_WARN_UNUSED_FUNCTION = YES;
				GCC_WARN_UNUSED_VARIABLE = YES;
				IPHONEOS_DEPLOYMENT_TARGET = 13.6;
				MTL_ENABLE_DEBUG_INFO = INCLUDE_SOURCE;
				MTL_FAST_MATH = YES;
				ONLY_ACTIVE_ARCH = YES;
				SDKROOT = iphoneos;
				SWIFT_ACTIVE_COMPILATION_CONDITIONS = DEBUG;
				SWIFT_OPTIMIZATION_LEVEL = "-Onone";
			};
			name = Debug;
		};
		F8C24D2324F35B9400F2B63A /* Release */ = {
			isa = XCBuildConfiguration;
			buildSettings = {
				ALWAYS_SEARCH_USER_PATHS = NO;
				CLANG_ANALYZER_NONNULL = YES;
				CLANG_ANALYZER_NUMBER_OBJECT_CONVERSION = YES_AGGRESSIVE;
				CLANG_CXX_LANGUAGE_STANDARD = "gnu++14";
				CLANG_CXX_LIBRARY = "libc++";
				CLANG_ENABLE_MODULES = YES;
				CLANG_ENABLE_OBJC_ARC = YES;
				CLANG_ENABLE_OBJC_WEAK = YES;
				CLANG_WARN_BLOCK_CAPTURE_AUTORELEASING = YES;
				CLANG_WARN_BOOL_CONVERSION = YES;
				CLANG_WARN_COMMA = YES;
				CLANG_WARN_CONSTANT_CONVERSION = YES;
				CLANG_WARN_DEPRECATED_OBJC_IMPLEMENTATIONS = YES;
				CLANG_WARN_DIRECT_OBJC_ISA_USAGE = YES_ERROR;
				CLANG_WARN_DOCUMENTATION_COMMENTS = YES;
				CLANG_WARN_EMPTY_BODY = YES;
				CLANG_WARN_ENUM_CONVERSION = YES;
				CLANG_WARN_INFINITE_RECURSION = YES;
				CLANG_WARN_INT_CONVERSION = YES;
				CLANG_WARN_NON_LITERAL_NULL_CONVERSION = YES;
				CLANG_WARN_OBJC_IMPLICIT_RETAIN_SELF = YES;
				CLANG_WARN_OBJC_LITERAL_CONVERSION = YES;
				CLANG_WARN_OBJC_ROOT_CLASS = YES_ERROR;
				CLANG_WARN_RANGE_LOOP_ANALYSIS = YES;
				CLANG_WARN_STRICT_PROTOTYPES = YES;
				CLANG_WARN_SUSPICIOUS_MOVE = YES;
				CLANG_WARN_UNGUARDED_AVAILABILITY = YES_AGGRESSIVE;
				CLANG_WARN_UNREACHABLE_CODE = YES;
				CLANG_WARN__DUPLICATE_METHOD_MATCH = YES;
				COPY_PHASE_STRIP = NO;
				DEBUG_INFORMATION_FORMAT = "dwarf-with-dsym";
				ENABLE_NS_ASSERTIONS = NO;
				ENABLE_STRICT_OBJC_MSGSEND = YES;
				GCC_C_LANGUAGE_STANDARD = gnu11;
				GCC_NO_COMMON_BLOCKS = YES;
				GCC_WARN_64_TO_32_BIT_CONVERSION = YES;
				GCC_WARN_ABOUT_RETURN_TYPE = YES_ERROR;
				GCC_WARN_UNDECLARED_SELECTOR = YES;
				GCC_WARN_UNINITIALIZED_AUTOS = YES_AGGRESSIVE;
				GCC_WARN_UNUSED_FUNCTION = YES;
				GCC_WARN_UNUSED_VARIABLE = YES;
				IPHONEOS_DEPLOYMENT_TARGET = 13.6;
				MTL_ENABLE_DEBUG_INFO = NO;
				MTL_FAST_MATH = YES;
				SDKROOT = iphoneos;
				SWIFT_COMPILATION_MODE = wholemodule;
				SWIFT_OPTIMIZATION_LEVEL = "-O";
				VALIDATE_PRODUCT = YES;
			};
			name = Release;
		};
		F8C24D2524F35B9400F2B63A /* Debug */ = {
			isa = XCBuildConfiguration;
			baseConfigurationReference = 622C27C69CA695CAFC592039 /* Pods-LoginForm with Firebase.debug.xcconfig */;
			buildSettings = {
				ASSETCATALOG_COMPILER_APPICON_NAME = AppIcon;
				CODE_SIGN_STYLE = Automatic;
				DEVELOPMENT_TEAM = GBKPZ52HJ9;
				INFOPLIST_FILE = "LoginForm with Firebase/Info.plist";
				LD_RUNPATH_SEARCH_PATHS = (
					"$(inherited)",
					"@executable_path/Frameworks",
				);
				PRODUCT_BUNDLE_IDENTIFIER = "com.zawawa.LoginForm-with-Firebase";
				PRODUCT_NAME = "$(TARGET_NAME)";
				SWIFT_VERSION = 5.0;
				TARGETED_DEVICE_FAMILY = "1,2";
			};
			name = Debug;
		};
		F8C24D2624F35B9400F2B63A /* Release */ = {
			isa = XCBuildConfiguration;
			baseConfigurationReference = F8DA2D95C6824ED7C19BD272 /* Pods-LoginForm with Firebase.release.xcconfig */;
			buildSettings = {
				ASSETCATALOG_COMPILER_APPICON_NAME = AppIcon;
				CODE_SIGN_STYLE = Automatic;
				DEVELOPMENT_TEAM = GBKPZ52HJ9;
				INFOPLIST_FILE = "LoginForm with Firebase/Info.plist";
				LD_RUNPATH_SEARCH_PATHS = (
					"$(inherited)",
					"@executable_path/Frameworks",
				);
				PRODUCT_BUNDLE_IDENTIFIER = "com.zawawa.LoginForm-with-Firebase";
				PRODUCT_NAME = "$(TARGET_NAME)";
				SWIFT_VERSION = 5.0;
				TARGETED_DEVICE_FAMILY = "1,2";
			};
			name = Release;
		};
/* End XCBuildConfiguration section */

/* Begin XCConfigurationList section */
		F8C24D0B24F35B9200F2B63A /* Build configuration list for PBXProject "LoginForm with Firebase" */ = {
			isa = XCConfigurationList;
			buildConfigurations = (
				F8C24D2224F35B9400F2B63A /* Debug */,
				F8C24D2324F35B9400F2B63A /* Release */,
			);
			defaultConfigurationIsVisible = 0;
			defaultConfigurationName = Release;
		};
		F8C24D2424F35B9400F2B63A /* Build configuration list for PBXNativeTarget "LoginForm with Firebase" */ = {
			isa = XCConfigurationList;
			buildConfigurations = (
				F8C24D2524F35B9400F2B63A /* Debug */,
				F8C24D2624F35B9400F2B63A /* Release */,
			);
			defaultConfigurationIsVisible = 0;
			defaultConfigurationName = Release;
		};
/* End XCConfigurationList section */
	};
	rootObject = F8C24D0824F35B9200F2B63A /* Project object */;
}
